
Microsoft Visual Studio Solution File, Format Version 12.00
# Visual Studio Version 16
VisualStudioVersion = 16.0.29613.14
MinimumVisualStudioVersion = 10.0.40219.1
Project("{9A19103F-16F7-4668-BE54-9A1E7A4F7556}") = "AlgorytmikaPraktyczna", "AlgorytmikaPraktyczna\AlgorytmikaPraktyczna.csproj", "{11A1B401-54FB-4828-BFE8-82187A46B986}"
EndProject
Project("{9A19103F-16F7-4668-BE54-9A1E7A4F7556}") = "StrukturyDanych", "StrukturyDanych\StrukturyDanych.csproj", "{1DCDEC79-2A15-42A9-AB23-7B0B758EB521}"
EndProject
Project("{9A19103F-16F7-4668-BE54-9A1E7A4F7556}") = "Testy", "Testy\Testy.csproj", "{19CBADA7-06FA-45B4-82F9-A41C4F8844DC}"
EndProject
Project("{FAE04EC0-301F-11D3-BF4B-00C04F79EFBC}") = "Rekurencja", "Rekurencja\Rekurencja.csproj", "{C9ABE623-3C6C-44EF-8989-D174ECCF518A}"
EndProject
Global
	GlobalSection(SolutionConfigurationPlatforms) = preSolution
		Debug|Any CPU = Debug|Any CPU
		Release|Any CPU = Release|Any CPU
	EndGlobalSection
	GlobalSection(ProjectConfigurationPlatforms) = postSolution
		{11A1B401-54FB-4828-BFE8-82187A46B986}.Debug|Any CPU.ActiveCfg = Debug|Any CPU
		{11A1B401-54FB-4828-BFE8-82187A46B986}.Debug|Any CPU.Build.0 = Debug|Any CPU
		{11A1B401-54FB-4828-BFE8-82187A46B986}.Release|Any CPU.ActiveCfg = Release|Any CPU
		{11A1B401-54FB-4828-BFE8-82187A46B986}.Release|Any CPU.Build.0 = Release|Any CPU
		{1DCDEC79-2A15-42A9-AB23-7B0B758EB521}.Debug|Any CPU.ActiveCfg = Debug|Any CPU
		{1DCDEC79-2A15-42A9-AB23-7B0B758EB521}.Debug|Any CPU.Build.0 = Debug|Any CPU
		{1DCDEC79-2A15-42A9-AB23-7B0B758EB521}.Release|Any CPU.ActiveCfg = Release|Any CPU
		{1DCDEC79-2A15-42A9-AB23-7B0B758EB521}.Release|Any CPU.Build.0 = Release|Any CPU
		{19CBADA7-06FA-45B4-82F9-A41C4F8844DC}.Debug|Any CPU.ActiveCfg = Debug|Any CPU
		{19CBADA7-06FA-45B4-82F9-A41C4F8844DC}.Debug|Any CPU.Build.0 = Debug|Any CPU
		{19CBADA7-06FA-45B4-82F9-A41C4F8844DC}.Release|Any CPU.ActiveCfg = Release|Any CPU
		{19CBADA7-06FA-45B4-82F9-A41C4F8844DC}.Release|Any CPU.Build.0 = Release|Any CPU
		{C9ABE623-3C6C-44EF-8989-D174ECCF518A}.Debug|Any CPU.ActiveCfg = Debug|Any CPU
		{C9ABE623-3C6C-44EF-8989-D174ECCF518A}.Debug|Any CPU.Build.0 = Debug|Any CPU
		{C9ABE623-3C6C-44EF-8989-D174ECCF518A}.Release|Any CPU.ActiveCfg = Release|Any CPU
		{C9ABE623-3C6C-44EF-8989-D174ECCF518A}.Release|Any CPU.Build.0 = Release|Any CPU
	EndGlobalSection
	GlobalSection(SolutionProperties) = preSolution
		HideSolutionNode = FALSE
	EndGlobalSection
	GlobalSection(ExtensibilityGlobals) = postSolution
		SolutionGuid = {BACA1F87-FED0-41CB-BD39-E0B8179A4938}
	EndGlobalSection
EndGlobal
